
Microsoft Visual Studio Solution File, Format Version 12.00
# Visual Studio Version 17
VisualStudioVersion = 17.8.34330.188
MinimumVisualStudioVersion = 10.0.40219.1
Project("{FAE04EC0-301F-11D3-BF4B-00C04F79EFBC}") = "PurpleHotel", "PurpleHotel\PurpleHotel.csproj", "{5EF03022-EDC7-405D-B5F1-D4293E771BFD}"
EndProject
Project("{FAE04EC0-301F-11D3-BF4B-00C04F79EFBC}") = "Application", "Application\Application.csproj", "{1CDEB086-5A16-4DF3-AA75-BE8880B6DE0C}"
EndProject
Project("{FAE04EC0-301F-11D3-BF4B-00C04F79EFBC}") = "Domain", "Domain\Domain.csproj", "{02D1DE1C-1EA8-43B7-ACBB-E193AD948201}"
EndProject
Project("{FAE04EC0-301F-11D3-BF4B-00C04F79EFBC}") = "Infrastructure", "Infrastructure\Infrastructure.csproj", "{287BA23B-EA5C-4EA2-9734-675FAE10867A}"
EndProject
Project("{FAE04EC0-301F-11D3-BF4B-00C04F79EFBC}") = "UnitTests", "UnitTests\UnitTests.csproj", "{99B709AB-E639-4779-B7CA-426F6B4611F9}"
EndProject
Global
	GlobalSection(SolutionConfigurationPlatforms) = preSolution
		Debug|Any CPU = Debug|Any CPU
		Release|Any CPU = Release|Any CPU
	EndGlobalSection
	GlobalSection(ProjectConfigurationPlatforms) = postSolution
		{5EF03022-EDC7-405D-B5F1-D4293E771BFD}.Debug|Any CPU.ActiveCfg = Debug|Any CPU
		{5EF03022-EDC7-405D-B5F1-D4293E771BFD}.Debug|Any CPU.Build.0 = Debug|Any CPU
		{5EF03022-EDC7-405D-B5F1-D4293E771BFD}.Release|Any CPU.ActiveCfg = Release|Any CPU
		{5EF03022-EDC7-405D-B5F1-D4293E771BFD}.Release|Any CPU.Build.0 = Release|Any CPU
		{1CDEB086-5A16-4DF3-AA75-BE8880B6DE0C}.Debug|Any CPU.ActiveCfg = Debug|Any CPU
		{1CDEB086-5A16-4DF3-AA75-BE8880B6DE0C}.Debug|Any CPU.Build.0 = Debug|Any CPU
		{1CDEB086-5A16-4DF3-AA75-BE8880B6DE0C}.Release|Any CPU.ActiveCfg = Release|Any CPU
		{1CDEB086-5A16-4DF3-AA75-BE8880B6DE0C}.Release|Any CPU.Build.0 = Release|Any CPU
		{02D1DE1C-1EA8-43B7-ACBB-E193AD948201}.Debug|Any CPU.ActiveCfg = Debug|Any CPU
		{02D1DE1C-1EA8-43B7-ACBB-E193AD948201}.Debug|Any CPU.Build.0 = Debug|Any CPU
		{02D1DE1C-1EA8-43B7-ACBB-E193AD948201}.Release|Any CPU.ActiveCfg = Release|Any CPU
		{02D1DE1C-1EA8-43B7-ACBB-E193AD948201}.Release|Any CPU.Build.0 = Release|Any CPU
		{287BA23B-EA5C-4EA2-9734-675FAE10867A}.Debug|Any CPU.ActiveCfg = Debug|Any CPU
		{287BA23B-EA5C-4EA2-9734-675FAE10867A}.Debug|Any CPU.Build.0 = Debug|Any CPU
		{287BA23B-EA5C-4EA2-9734-675FAE10867A}.Release|Any CPU.ActiveCfg = Release|Any CPU
		{287BA23B-EA5C-4EA2-9734-675FAE10867A}.Release|Any CPU.Build.0 = Release|Any CPU
		{99B709AB-E639-4779-B7CA-426F6B4611F9}.Debug|Any CPU.ActiveCfg = Debug|Any CPU
		{99B709AB-E639-4779-B7CA-426F6B4611F9}.Debug|Any CPU.Build.0 = Debug|Any CPU
		{99B709AB-E639-4779-B7CA-426F6B4611F9}.Release|Any CPU.ActiveCfg = Release|Any CPU
		{99B709AB-E639-4779-B7CA-426F6B4611F9}.Release|Any CPU.Build.0 = Release|Any CPU
	EndGlobalSection
	GlobalSection(SolutionProperties) = preSolution
		HideSolutionNode = FALSE
	EndGlobalSection
	GlobalSection(ExtensibilityGlobals) = postSolution
		SolutionGuid = {CB006194-B89B-4C9A-869C-B1EBA3C12D15}
	EndGlobalSection
EndGlobal
